
Microsoft Visual Studio Solution File, Format Version 12.00
# Visual Studio 15
VisualStudioVersion = 15.0.28010.2050
MinimumVisualStudioVersion = 10.0.40219.1
Project("{888888A0-9F3D-457C-B088-3A5042F75D52}") = "FlaskWebAPI", "FlaskWebAPI\FlaskWebAPI.pyproj", "{1802486B-8C4E-42E7-B2FC-4A80D6ABABD6}"
EndProject
Project("{9A19103F-16F7-4668-BE54-9A1E7A4F7556}") = "MVCSecureApp", "MVCSecureApp\MVCSecureApp.csproj", "{A8CEC4D5-AF01-4E11-8C99-025211F73C7C}"
EndProject
Project("{2150E333-8FDC-42A3-9474-1A3956D46DE8}") = "scripts", "scripts", "{0128C8C1-EFFC-4D4E-96DA-6207F164838D}"
	ProjectSection(SolutionItems) = preProject
		CreateEnvironment.ps1 = CreateEnvironment.ps1
		parameters.ps1 = parameters.ps1
		TearDownEnvironment.ps1 = TearDownEnvironment.ps1
	EndProjectSection
EndProject
Global
	GlobalSection(SolutionConfigurationPlatforms) = preSolution
		Debug|Any CPU = Debug|Any CPU
		Release|Any CPU = Release|Any CPU
	EndGlobalSection
	GlobalSection(ProjectConfigurationPlatforms) = postSolution
		{1802486B-8C4E-42E7-B2FC-4A80D6ABABD6}.Debug|Any CPU.ActiveCfg = Debug|Any CPU
		{1802486B-8C4E-42E7-B2FC-4A80D6ABABD6}.Debug|Any CPU.Build.0 = Debug|Any CPU
		{1802486B-8C4E-42E7-B2FC-4A80D6ABABD6}.Release|Any CPU.ActiveCfg = Release|Any CPU
		{1802486B-8C4E-42E7-B2FC-4A80D6ABABD6}.Release|Any CPU.Build.0 = Release|Any CPU
		{A8CEC4D5-AF01-4E11-8C99-025211F73C7C}.Debug|Any CPU.ActiveCfg = Debug|Any CPU
		{A8CEC4D5-AF01-4E11-8C99-025211F73C7C}.Debug|Any CPU.Build.0 = Debug|Any CPU
		{A8CEC4D5-AF01-4E11-8C99-025211F73C7C}.Release|Any CPU.ActiveCfg = Release|Any CPU
		{A8CEC4D5-AF01-4E11-8C99-025211F73C7C}.Release|Any CPU.Build.0 = Release|Any CPU
	EndGlobalSection
	GlobalSection(SolutionProperties) = preSolution
		HideSolutionNode = FALSE
	EndGlobalSection
	GlobalSection(ExtensibilityGlobals) = postSolution
		SolutionGuid = {6AFB5E0B-6CFA-405B-997E-012DD1E619CA}
	EndGlobalSection
EndGlobal
